
Microsoft Visual Studio Solution File, Format Version 12.00
# Visual Studio 15
VisualStudioVersion = 15.0.27703.2042
MinimumVisualStudioVersion = 10.0.40219.1
Project("{8BC9CEB8-8B4A-11D0-8D11-00A0C91BC942}") = "simple-network", "simple_network.vcxproj", "{9EFFB6D9-4EDB-42A5-8BAF-F77C000AA362}"
EndProject
Project("{8BC9CEB8-8B4A-11D0-8D11-00A0C91BC942}") = "simple_server", "simple_server\simple_server.vcxproj", "{1D93D211-9389-4B70-BBAE-13C48B502A80}"
EndProject
Global
	GlobalSection(SolutionConfigurationPlatforms) = preSolution
		Debug|x64 = Debug|x64
		Debug|x86 = Debug|x86
		Release|x64 = Release|x64
		Release|x86 = Release|x86
	EndGlobalSection
	GlobalSection(ProjectConfigurationPlatforms) = postSolution
		{9EFFB6D9-4EDB-42A5-8BAF-F77C000AA362}.Debug|x64.ActiveCfg = Debug|x64
		{9EFFB6D9-4EDB-42A5-8BAF-F77C000AA362}.Debug|x64.Build.0 = Debug|x64
		{9EFFB6D9-4EDB-42A5-8BAF-F77C000AA362}.Debug|x86.ActiveCfg = Debug|Win32
		{9EFFB6D9-4EDB-42A5-8BAF-F77C000AA362}.Debug|x86.Build.0 = Debug|Win32
		{9EFFB6D9-4EDB-42A5-8BAF-F77C000AA362}.Release|x64.ActiveCfg = Release|x64
		{9EFFB6D9-4EDB-42A5-8BAF-F77C000AA362}.Release|x64.Build.0 = Release|x64
		{9EFFB6D9-4EDB-42A5-8BAF-F77C000AA362}.Release|x86.ActiveCfg = Release|Win32
		{9EFFB6D9-4EDB-42A5-8BAF-F77C000AA362}.Release|x86.Build.0 = Release|Win32
		{1D93D211-9389-4B70-BBAE-13C48B502A80}.Debug|x64.ActiveCfg = Debug|x64
		{1D93D211-9389-4B70-BBAE-13C48B502A80}.Debug|x64.Build.0 = Debug|x64
		{1D93D211-9389-4B70-BBAE-13C48B502A80}.Debug|x86.ActiveCfg = Debug|Win32
		{1D93D211-9389-4B70-BBAE-13C48B502A80}.Debug|x86.Build.0 = Debug|Win32
		{1D93D211-9389-4B70-BBAE-13C48B502A80}.Release|x64.ActiveCfg = Release|x64
		{1D93D211-9389-4B70-BBAE-13C48B502A80}.Release|x64.Build.0 = Release|x64
		{1D93D211-9389-4B70-BBAE-13C48B502A80}.Release|x86.ActiveCfg = Release|Win32
		{1D93D211-9389-4B70-BBAE-13C48B502A80}.Release|x86.Build.0 = Release|Win32
	EndGlobalSection
	GlobalSection(SolutionProperties) = preSolution
		HideSolutionNode = FALSE
	EndGlobalSection
	GlobalSection(ExtensibilityGlobals) = postSolution
		SolutionGuid = {69BA11A3-6FD9-4F65-82AD-36BE34F87B1B}
	EndGlobalSection
EndGlobal
