<?xml version="1.0" encoding="utf-8"?>
<Project ToolsVersion="4.0" xmlns="http://schemas.microsoft.com/developer/msbuild/2003">
  <ItemGroup>
    <Filter Include="Source Files">
      <UniqueIdentifier>{99b15709-b314-4e4f-a5ed-27a774059ee4}</UniqueIdentifier>
    </Filter>
  </ItemGroup>
  <ItemGroup>
    <ClCompile Include="ClientGame.cpp">
      <Filter>Source Files</Filter>
    </ClCompile>
    <ClCompile Include="ClientNetwork.cpp">
      <Filter>Source Files</Filter>
    </ClCompile>
    <ClCompile Include="main.cpp">
      <Filter>Source Files</Filter>
    </ClCompile>
    <ClCompile Include="NetworkServices.cpp">
      <Filter>Source Files</Filter>
    </ClCompile>
    <ClCompile Include="stdafx.cpp">
      <Filter>Source Files</Filter>
    </ClCompile>
  </ItemGroup>
  <ItemGroup>
    <ClInclude Include="ClientGame.h">
      <Filter>Source Files</Filter>
    </ClInclude>
    <ClInclude Include="ClientNetwork.h">
      <Filter>Source Files</Filter>
    </ClInclude>
    <ClInclude Include="GlobalStructs.h">
      <Filter>Source Files</Filter>
    </ClInclude>
    <ClInclude Include="NetworkData.h">
      <Filter>Source Files</Filter>
    </ClInclude>
    <ClInclude Include="NetworkServices.h">
      <Filter>Source Files</Filter>
    </ClInclude>
    <ClInclude Include="stdafx.h">
      <Filter>Source Files</Filter>
    </ClInclude>
    <ClInclude Include="targetver.h">
      <Filter>Source Files</Filter>
    </ClInclude>
    <ClInclude Include="ClientGameMinor.h">
      <Filter>Source Files</Filter>
    </ClInclude>
  </ItemGroup>
</Project>